
Microsoft Visual Studio Solution File, Format Version 12.00
# Visual Studio 15
VisualStudioVersion = 15.0.26730.15
MinimumVisualStudioVersion = 10.0.40219.1
Project("{FAE04EC0-301F-11D3-BF4B-00C04F79EFBC}") = "AutomatedCodeTesting", "AutomatedCodeTesting\AutomatedCodeTesting.csproj", "{AAE7C919-D5DC-454D-80E4-96AC920ADEF7}"
EndProject
Project("{FAE04EC0-301F-11D3-BF4B-00C04F79EFBC}") = "TestAutomatedCodeTesting", "TestAutomatedCodeTesting\TestAutomatedCodeTesting.csproj", "{1A4A63A9-A1D7-4B20-B15A-4AC587AD39DA}"
EndProject
Project("{FAE04EC0-301F-11D3-BF4B-00C04F79EFBC}") = "TestSuiteAutomatedCodeTesting", "TestSuiteAutomatedCodeTesting\TestSuiteAutomatedCodeTesting.csproj", "{433EC6CD-3DB0-4FD2-9B9C-74D144A6F021}"
EndProject
Global
	GlobalSection(SolutionConfigurationPlatforms) = preSolution
		Debug|Any CPU = Debug|Any CPU
		Release|Any CPU = Release|Any CPU
	EndGlobalSection
	GlobalSection(ProjectConfigurationPlatforms) = postSolution
		{AAE7C919-D5DC-454D-80E4-96AC920ADEF7}.Debug|Any CPU.ActiveCfg = Debug|Any CPU
		{AAE7C919-D5DC-454D-80E4-96AC920ADEF7}.Debug|Any CPU.Build.0 = Debug|Any CPU
		{AAE7C919-D5DC-454D-80E4-96AC920ADEF7}.Release|Any CPU.ActiveCfg = Release|Any CPU
		{AAE7C919-D5DC-454D-80E4-96AC920ADEF7}.Release|Any CPU.Build.0 = Release|Any CPU
		{1A4A63A9-A1D7-4B20-B15A-4AC587AD39DA}.Debug|Any CPU.ActiveCfg = Debug|Any CPU
		{1A4A63A9-A1D7-4B20-B15A-4AC587AD39DA}.Debug|Any CPU.Build.0 = Debug|Any CPU
		{1A4A63A9-A1D7-4B20-B15A-4AC587AD39DA}.Release|Any CPU.ActiveCfg = Release|Any CPU
		{1A4A63A9-A1D7-4B20-B15A-4AC587AD39DA}.Release|Any CPU.Build.0 = Release|Any CPU
		{433EC6CD-3DB0-4FD2-9B9C-74D144A6F021}.Debug|Any CPU.ActiveCfg = Debug|Any CPU
		{433EC6CD-3DB0-4FD2-9B9C-74D144A6F021}.Debug|Any CPU.Build.0 = Debug|Any CPU
		{433EC6CD-3DB0-4FD2-9B9C-74D144A6F021}.Release|Any CPU.ActiveCfg = Release|Any CPU
		{433EC6CD-3DB0-4FD2-9B9C-74D144A6F021}.Release|Any CPU.Build.0 = Release|Any CPU
	EndGlobalSection
	GlobalSection(SolutionProperties) = preSolution
		HideSolutionNode = FALSE
	EndGlobalSection
	GlobalSection(ExtensibilityGlobals) = postSolution
		SolutionGuid = {63F493BC-EFA8-40BC-A4C9-572BB19154B5}
	EndGlobalSection
EndGlobal
